// !$*UTF8*$!
{
	archiveVersion = 1;
	classes = {
	};
	objectVersion = 56;
	objects = {

/* Begin PBXBuildFile section */
		852D37B72ACDE243001136B8 /* LoginView.swift in Sources */ = {isa = PBXBuildFile; fileRef = 852D37B62ACDE243001136B8 /* LoginView.swift */; };
		852D37B92ACDE4A9001136B8 /* LoginViewModel.swift in Sources */ = {isa = PBXBuildFile; fileRef = 852D37B82ACDE4A9001136B8 /* LoginViewModel.swift */; };
		852D37BB2ACDE504001136B8 /* LoginState.swift in Sources */ = {isa = PBXBuildFile; fileRef = 852D37BA2ACDE504001136B8 /* LoginState.swift */; };
		852D37BD2ACDF949001136B8 /* AdminRepository.swift in Sources */ = {isa = PBXBuildFile; fileRef = 852D37BC2ACDF949001136B8 /* AdminRepository.swift */; };
		852D37BF2ACDF9AA001136B8 /* Admin.swift in Sources */ = {isa = PBXBuildFile; fileRef = 852D37BE2ACDF9AA001136B8 /* Admin.swift */; };
		852D37C22ACDFDAA001136B8 /* AppCoordinatorView.swift in Sources */ = {isa = PBXBuildFile; fileRef = 852D37C12ACDFDAA001136B8 /* AppCoordinatorView.swift */; };
		852D37C42ACDFDE0001136B8 /* AppCoordinator.swift in Sources */ = {isa = PBXBuildFile; fileRef = 852D37C32ACDFDE0001136B8 /* AppCoordinator.swift */; };
		852D37C62ACDFFE1001136B8 /* Coordinator.swift in Sources */ = {isa = PBXBuildFile; fileRef = 852D37C52ACDFFE1001136B8 /* Coordinator.swift */; };
		852D37C92ACE0501001136B8 /* SignUpView.swift in Sources */ = {isa = PBXBuildFile; fileRef = 852D37C82ACE0501001136B8 /* SignUpView.swift */; };
		852D37CB2ACE05E2001136B8 /* SignUpViewModel.swift in Sources */ = {isa = PBXBuildFile; fileRef = 852D37CA2ACE05E2001136B8 /* SignUpViewModel.swift */; };
		852D37CD2ACE08F3001136B8 /* SignUpState.swift in Sources */ = {isa = PBXBuildFile; fileRef = 852D37CC2ACE08F3001136B8 /* SignUpState.swift */; };
		852D37DE2ACF2719001136B8 /* GoogleSignInSwift in Frameworks */ = {isa = PBXBuildFile; productRef = 852D37DD2ACF2719001136B8 /* GoogleSignInSwift */; };
		852D37E42ACF2763001136B8 /* GoogleSignIn in Frameworks */ = {isa = PBXBuildFile; productRef = 852D37E32ACF2763001136B8 /* GoogleSignIn */; };
		852D37E62ACF2763001136B8 /* GoogleSignInSwift in Frameworks */ = {isa = PBXBuildFile; productRef = 852D37E52ACF2763001136B8 /* GoogleSignInSwift */; };
		853B44F32AC4DB3100CF0B13 /* TimetableSchedulerApp.swift in Sources */ = {isa = PBXBuildFile; fileRef = 853B44F22AC4DB3100CF0B13 /* TimetableSchedulerApp.swift */; };
		853B44F72AC4DB3300CF0B13 /* Assets.xcassets in Resources */ = {isa = PBXBuildFile; fileRef = 853B44F62AC4DB3300CF0B13 /* Assets.xcassets */; };
		853B44FA2AC4DB3300CF0B13 /* Preview Assets.xcassets in Resources */ = {isa = PBXBuildFile; fileRef = 853B44F92AC4DB3300CF0B13 /* Preview Assets.xcassets */; };
		853B45022AC4E1D300CF0B13 /* TabBarView.swift in Sources */ = {isa = PBXBuildFile; fileRef = 853B45012AC4E1D300CF0B13 /* TabBarView.swift */; };
		853B45072AC4E54800CF0B13 /* TimetableView.swift in Sources */ = {isa = PBXBuildFile; fileRef = 853B45062AC4E54800CF0B13 /* TimetableView.swift */; };
		853B45092AC4E56200CF0B13 /* ProfessorsView.swift in Sources */ = {isa = PBXBuildFile; fileRef = 853B45082AC4E56200CF0B13 /* ProfessorsView.swift */; };
		853B450B2AC4E56B00CF0B13 /* SchedulesView.swift in Sources */ = {isa = PBXBuildFile; fileRef = 853B450A2AC4E56B00CF0B13 /* SchedulesView.swift */; };
		853B450E2AC4EE3E00CF0B13 /* DisciplinesView.swift in Sources */ = {isa = PBXBuildFile; fileRef = 853B450D2AC4EE3E00CF0B13 /* DisciplinesView.swift */; };
		853B45112AC4F01200CF0B13 /* Weekdays.swift in Sources */ = {isa = PBXBuildFile; fileRef = 853B45102AC4F01200CF0B13 /* Weekdays.swift */; };
		855BDC7D2AC85086002181C7 /* ProfessorDetailCell.swift in Sources */ = {isa = PBXBuildFile; fileRef = 855BDC7C2AC85086002181C7 /* ProfessorDetailCell.swift */; };
		855BDC7F2AC85516002181C7 /* SchedulesViewModel.swift in Sources */ = {isa = PBXBuildFile; fileRef = 855BDC7E2AC85516002181C7 /* SchedulesViewModel.swift */; };
		855BDC812AC8563A002181C7 /* SchedulesState.swift in Sources */ = {isa = PBXBuildFile; fileRef = 855BDC802AC8563A002181C7 /* SchedulesState.swift */; };
		855BDC832AC8567C002181C7 /* SchedulesRepository.swift in Sources */ = {isa = PBXBuildFile; fileRef = 855BDC822AC8567C002181C7 /* SchedulesRepository.swift */; };
		855BDC852AC8587A002181C7 /* ScheduleDetailCell.swift in Sources */ = {isa = PBXBuildFile; fileRef = 855BDC842AC8587A002181C7 /* ScheduleDetailCell.swift */; };
		855BDC872AC85D97002181C7 /* DisciplinesState.swift in Sources */ = {isa = PBXBuildFile; fileRef = 855BDC862AC85D97002181C7 /* DisciplinesState.swift */; };
		855BDC892AC85DBB002181C7 /* DisciplinesViewModel.swift in Sources */ = {isa = PBXBuildFile; fileRef = 855BDC882AC85DBB002181C7 /* DisciplinesViewModel.swift */; };
		855BDC8B2AC85E3B002181C7 /* DisciplinesRepository.swift in Sources */ = {isa = PBXBuildFile; fileRef = 855BDC8A2AC85E3B002181C7 /* DisciplinesRepository.swift */; };
		855BDC8D2AC86398002181C7 /* DisciplineDetailCell.swift in Sources */ = {isa = PBXBuildFile; fileRef = 855BDC8C2AC86398002181C7 /* DisciplineDetailCell.swift */; };
		855BDC8F2AC8698D002181C7 /* CustomTabBar.swift in Sources */ = {isa = PBXBuildFile; fileRef = 855BDC8E2AC8698D002181C7 /* CustomTabBar.swift */; };
		855BDC912AC86A5C002181C7 /* Tab.swift in Sources */ = {isa = PBXBuildFile; fileRef = 855BDC902AC86A5C002181C7 /* Tab.swift */; };
		855BDC932AC9FA60002181C7 /* ProfessorDetailSheet.swift in Sources */ = {isa = PBXBuildFile; fileRef = 855BDC922AC9FA60002181C7 /* ProfessorDetailSheet.swift */; };
		855BDC952ACA20CF002181C7 /* ScheduleDetailSheet.swift in Sources */ = {isa = PBXBuildFile; fileRef = 855BDC942ACA20CF002181C7 /* ScheduleDetailSheet.swift */; };
		855BDC972ACA34C9002181C7 /* DisciplineDetailSheet.swift in Sources */ = {isa = PBXBuildFile; fileRef = 855BDC962ACA34C9002181C7 /* DisciplineDetailSheet.swift */; };
		8569C29E2B12365300C2F700 /* MultiSelectionView.swift in Sources */ = {isa = PBXBuildFile; fileRef = 8569C29D2B12365300C2F700 /* MultiSelectionView.swift */; };
		8569C2A02B123A3500C2F700 /* MultiSelector.swift in Sources */ = {isa = PBXBuildFile; fileRef = 8569C29F2B123A3500C2F700 /* MultiSelector.swift */; };
		8569C2A22B13B03700C2F700 /* CommonRepository.swift in Sources */ = {isa = PBXBuildFile; fileRef = 8569C2A12B13B03700C2F700 /* CommonRepository.swift */; };
		8569C2A52B13B16100C2F700 /* RepositoryFactory.swift in Sources */ = {isa = PBXBuildFile; fileRef = 8569C2A42B13B16100C2F700 /* RepositoryFactory.swift */; };
		8569C2A82B13D85000C2F700 /* TimetableRepositoryProxy.swift in Sources */ = {isa = PBXBuildFile; fileRef = 8569C2A72B13D85000C2F700 /* TimetableRepositoryProxy.swift */; };
		85A578522AC6F284007E549A /* TimetableDetailCell.swift in Sources */ = {isa = PBXBuildFile; fileRef = 85A578512AC6F284007E549A /* TimetableDetailCell.swift */; };
		85A578542AC6FA3D007E549A /* TimetableViewModel.swift in Sources */ = {isa = PBXBuildFile; fileRef = 85A578532AC6FA3D007E549A /* TimetableViewModel.swift */; };
		85A578562AC6FC4F007E549A /* TimetableState.swift in Sources */ = {isa = PBXBuildFile; fileRef = 85A578552AC6FC4F007E549A /* TimetableState.swift */; };
		85A578582AC6FCEB007E549A /* Timetable.swift in Sources */ = {isa = PBXBuildFile; fileRef = 85A578572AC6FCEB007E549A /* Timetable.swift */; };
		85A5785A2AC70B46007E549A /* Discipline.swift in Sources */ = {isa = PBXBuildFile; fileRef = 85A578592AC70B46007E549A /* Discipline.swift */; };
		85A5785C2AC70BDE007E549A /* Professor.swift in Sources */ = {isa = PBXBuildFile; fileRef = 85A5785B2AC70BDE007E549A /* Professor.swift */; };
		85A578602AC70CB9007E549A /* Schedule.swift in Sources */ = {isa = PBXBuildFile; fileRef = 85A5785F2AC70CB9007E549A /* Schedule.swift */; };
		85A578632AC71001007E549A /* TimetableRepository.swift in Sources */ = {isa = PBXBuildFile; fileRef = 85A578622AC71001007E549A /* TimetableRepository.swift */; };
		85A578662AC7672C007E549A /* Cell.swift in Sources */ = {isa = PBXBuildFile; fileRef = 85A578652AC7672C007E549A /* Cell.swift */; };
		85A578692AC849EE007E549A /* HeaderView.swift in Sources */ = {isa = PBXBuildFile; fileRef = 85A578682AC849EE007E549A /* HeaderView.swift */; };
		85A5786D2AC84BD7007E549A /* ProfessorsState.swift in Sources */ = {isa = PBXBuildFile; fileRef = 85A5786C2AC84BD7007E549A /* ProfessorsState.swift */; };
		85A5786F2AC84D65007E549A /* ProfessorsViewModel.swift in Sources */ = {isa = PBXBuildFile; fileRef = 85A5786E2AC84D65007E549A /* ProfessorsViewModel.swift */; };
		85A578712AC84EC5007E549A /* ProfessorsRepository.swift in Sources */ = {isa = PBXBuildFile; fileRef = 85A578702AC84EC5007E549A /* ProfessorsRepository.swift */; };
/* End PBXBuildFile section */

/* Begin PBXFileReference section */
		852D37B62ACDE243001136B8 /* LoginView.swift */ = {isa = PBXFileReference; lastKnownFileType = sourcecode.swift; path = LoginView.swift; sourceTree = "<group>"; };
		852D37B82ACDE4A9001136B8 /* LoginViewModel.swift */ = {isa = PBXFileReference; lastKnownFileType = sourcecode.swift; path = LoginViewModel.swift; sourceTree = "<group>"; };
		852D37BA2ACDE504001136B8 /* LoginState.swift */ = {isa = PBXFileReference; lastKnownFileType = sourcecode.swift; path = LoginState.swift; sourceTree = "<group>"; };
		852D37BC2ACDF949001136B8 /* AdminRepository.swift */ = {isa = PBXFileReference; lastKnownFileType = sourcecode.swift; path = AdminRepository.swift; sourceTree = "<group>"; };
		852D37BE2ACDF9AA001136B8 /* Admin.swift */ = {isa = PBXFileReference; lastKnownFileType = sourcecode.swift; path = Admin.swift; sourceTree = "<group>"; };
		852D37C12ACDFDAA001136B8 /* AppCoordinatorView.swift */ = {isa = PBXFileReference; lastKnownFileType = sourcecode.swift; path = AppCoordinatorView.swift; sourceTree = "<group>"; };
		852D37C32ACDFDE0001136B8 /* AppCoordinator.swift */ = {isa = PBXFileReference; lastKnownFileType = sourcecode.swift; path = AppCoordinator.swift; sourceTree = "<group>"; };
		852D37C52ACDFFE1001136B8 /* Coordinator.swift */ = {isa = PBXFileReference; lastKnownFileType = sourcecode.swift; path = Coordinator.swift; sourceTree = "<group>"; };
		852D37C82ACE0501001136B8 /* SignUpView.swift */ = {isa = PBXFileReference; lastKnownFileType = sourcecode.swift; path = SignUpView.swift; sourceTree = "<group>"; };
		852D37CA2ACE05E2001136B8 /* SignUpViewModel.swift */ = {isa = PBXFileReference; lastKnownFileType = sourcecode.swift; path = SignUpViewModel.swift; sourceTree = "<group>"; };
		852D37CC2ACE08F3001136B8 /* SignUpState.swift */ = {isa = PBXFileReference; lastKnownFileType = sourcecode.swift; path = SignUpState.swift; sourceTree = "<group>"; };
		852D37E72ACF2822001136B8 /* Info.plist */ = {isa = PBXFileReference; lastKnownFileType = text.plist; path = Info.plist; sourceTree = "<group>"; };
		853B44EF2AC4DB3100CF0B13 /* TimetableScheduler.app */ = {isa = PBXFileReference; explicitFileType = wrapper.application; includeInIndex = 0; path = TimetableScheduler.app; sourceTree = BUILT_PRODUCTS_DIR; };
		853B44F22AC4DB3100CF0B13 /* TimetableSchedulerApp.swift */ = {isa = PBXFileReference; lastKnownFileType = sourcecode.swift; path = TimetableSchedulerApp.swift; sourceTree = "<group>"; };
		853B44F62AC4DB3300CF0B13 /* Assets.xcassets */ = {isa = PBXFileReference; lastKnownFileType = folder.assetcatalog; path = Assets.xcassets; sourceTree = "<group>"; };
		853B44F92AC4DB3300CF0B13 /* Preview Assets.xcassets */ = {isa = PBXFileReference; lastKnownFileType = folder.assetcatalog; path = "Preview Assets.xcassets"; sourceTree = "<group>"; };
		853B45012AC4E1D300CF0B13 /* TabBarView.swift */ = {isa = PBXFileReference; lastKnownFileType = sourcecode.swift; path = TabBarView.swift; sourceTree = "<group>"; };
		853B45062AC4E54800CF0B13 /* TimetableView.swift */ = {isa = PBXFileReference; lastKnownFileType = sourcecode.swift; path = TimetableView.swift; sourceTree = "<group>"; };
		853B45082AC4E56200CF0B13 /* ProfessorsView.swift */ = {isa = PBXFileReference; lastKnownFileType = sourcecode.swift; path = ProfessorsView.swift; sourceTree = "<group>"; };
		853B450A2AC4E56B00CF0B13 /* SchedulesView.swift */ = {isa = PBXFileReference; lastKnownFileType = sourcecode.swift; path = SchedulesView.swift; sourceTree = "<group>"; };
		853B450D2AC4EE3E00CF0B13 /* DisciplinesView.swift */ = {isa = PBXFileReference; lastKnownFileType = sourcecode.swift; path = DisciplinesView.swift; sourceTree = "<group>"; };
		853B45102AC4F01200CF0B13 /* Weekdays.swift */ = {isa = PBXFileReference; lastKnownFileType = sourcecode.swift; path = Weekdays.swift; sourceTree = "<group>"; };
		855BDC7C2AC85086002181C7 /* ProfessorDetailCell.swift */ = {isa = PBXFileReference; lastKnownFileType = sourcecode.swift; path = ProfessorDetailCell.swift; sourceTree = "<group>"; };
		855BDC7E2AC85516002181C7 /* SchedulesViewModel.swift */ = {isa = PBXFileReference; lastKnownFileType = sourcecode.swift; path = SchedulesViewModel.swift; sourceTree = "<group>"; };
		855BDC802AC8563A002181C7 /* SchedulesState.swift */ = {isa = PBXFileReference; lastKnownFileType = sourcecode.swift; path = SchedulesState.swift; sourceTree = "<group>"; };
		855BDC822AC8567C002181C7 /* SchedulesRepository.swift */ = {isa = PBXFileReference; lastKnownFileType = sourcecode.swift; path = SchedulesRepository.swift; sourceTree = "<group>"; };
		855BDC842AC8587A002181C7 /* ScheduleDetailCell.swift */ = {isa = PBXFileReference; lastKnownFileType = sourcecode.swift; path = ScheduleDetailCell.swift; sourceTree = "<group>"; };
		855BDC862AC85D97002181C7 /* DisciplinesState.swift */ = {isa = PBXFileReference; lastKnownFileType = sourcecode.swift; path = DisciplinesState.swift; sourceTree = "<group>"; };
		855BDC882AC85DBB002181C7 /* DisciplinesViewModel.swift */ = {isa = PBXFileReference; lastKnownFileType = sourcecode.swift; path = DisciplinesViewModel.swift; sourceTree = "<group>"; };
		855BDC8A2AC85E3B002181C7 /* DisciplinesRepository.swift */ = {isa = PBXFileReference; lastKnownFileType = sourcecode.swift; path = DisciplinesRepository.swift; sourceTree = "<group>"; };
		855BDC8C2AC86398002181C7 /* DisciplineDetailCell.swift */ = {isa = PBXFileReference; lastKnownFileType = sourcecode.swift; path = DisciplineDetailCell.swift; sourceTree = "<group>"; };
		855BDC8E2AC8698D002181C7 /* CustomTabBar.swift */ = {isa = PBXFileReference; lastKnownFileType = sourcecode.swift; path = CustomTabBar.swift; sourceTree = "<group>"; };
		855BDC902AC86A5C002181C7 /* Tab.swift */ = {isa = PBXFileReference; lastKnownFileType = sourcecode.swift; path = Tab.swift; sourceTree = "<group>"; };
		855BDC922AC9FA60002181C7 /* ProfessorDetailSheet.swift */ = {isa = PBXFileReference; lastKnownFileType = sourcecode.swift; path = ProfessorDetailSheet.swift; sourceTree = "<group>"; };
		855BDC942ACA20CF002181C7 /* ScheduleDetailSheet.swift */ = {isa = PBXFileReference; lastKnownFileType = sourcecode.swift; path = ScheduleDetailSheet.swift; sourceTree = "<group>"; };
		855BDC962ACA34C9002181C7 /* DisciplineDetailSheet.swift */ = {isa = PBXFileReference; lastKnownFileType = sourcecode.swift; path = DisciplineDetailSheet.swift; sourceTree = "<group>"; };
		8569C29D2B12365300C2F700 /* MultiSelectionView.swift */ = {isa = PBXFileReference; lastKnownFileType = sourcecode.swift; path = MultiSelectionView.swift; sourceTree = "<group>"; };
		8569C29F2B123A3500C2F700 /* MultiSelector.swift */ = {isa = PBXFileReference; lastKnownFileType = sourcecode.swift; path = MultiSelector.swift; sourceTree = "<group>"; };
		8569C2A12B13B03700C2F700 /* CommonRepository.swift */ = {isa = PBXFileReference; lastKnownFileType = sourcecode.swift; path = CommonRepository.swift; sourceTree = "<group>"; };
		8569C2A42B13B16100C2F700 /* RepositoryFactory.swift */ = {isa = PBXFileReference; lastKnownFileType = sourcecode.swift; path = RepositoryFactory.swift; sourceTree = "<group>"; };
		8569C2A72B13D85000C2F700 /* TimetableRepositoryProxy.swift */ = {isa = PBXFileReference; lastKnownFileType = sourcecode.swift; path = TimetableRepositoryProxy.swift; sourceTree = "<group>"; };
		85A578512AC6F284007E549A /* TimetableDetailCell.swift */ = {isa = PBXFileReference; lastKnownFileType = sourcecode.swift; path = TimetableDetailCell.swift; sourceTree = "<group>"; };
		85A578532AC6FA3D007E549A /* TimetableViewModel.swift */ = {isa = PBXFileReference; lastKnownFileType = sourcecode.swift; path = TimetableViewModel.swift; sourceTree = "<group>"; };
		85A578552AC6FC4F007E549A /* TimetableState.swift */ = {isa = PBXFileReference; lastKnownFileType = sourcecode.swift; path = TimetableState.swift; sourceTree = "<group>"; };
		85A578572AC6FCEB007E549A /* Timetable.swift */ = {isa = PBXFileReference; lastKnownFileType = sourcecode.swift; path = Timetable.swift; sourceTree = "<group>"; };
		85A578592AC70B46007E549A /* Discipline.swift */ = {isa = PBXFileReference; lastKnownFileType = sourcecode.swift; path = Discipline.swift; sourceTree = "<group>"; };
		85A5785B2AC70BDE007E549A /* Professor.swift */ = {isa = PBXFileReference; lastKnownFileType = sourcecode.swift; path = Professor.swift; sourceTree = "<group>"; };
		85A5785F2AC70CB9007E549A /* Schedule.swift */ = {isa = PBXFileReference; lastKnownFileType = sourcecode.swift; path = Schedule.swift; sourceTree = "<group>"; };
		85A578622AC71001007E549A /* TimetableRepository.swift */ = {isa = PBXFileReference; lastKnownFileType = sourcecode.swift; path = TimetableRepository.swift; sourceTree = "<group>"; };
		85A578652AC7672C007E549A /* Cell.swift */ = {isa = PBXFileReference; lastKnownFileType = sourcecode.swift; path = Cell.swift; sourceTree = "<group>"; };
		85A578682AC849EE007E549A /* HeaderView.swift */ = {isa = PBXFileReference; lastKnownFileType = sourcecode.swift; path = HeaderView.swift; sourceTree = "<group>"; };
		85A5786C2AC84BD7007E549A /* ProfessorsState.swift */ = {isa = PBXFileReference; lastKnownFileType = sourcecode.swift; path = ProfessorsState.swift; sourceTree = "<group>"; };
		85A5786E2AC84D65007E549A /* ProfessorsViewModel.swift */ = {isa = PBXFileReference; lastKnownFileType = sourcecode.swift; path = ProfessorsViewModel.swift; sourceTree = "<group>"; };
		85A578702AC84EC5007E549A /* ProfessorsRepository.swift */ = {isa = PBXFileReference; lastKnownFileType = sourcecode.swift; path = ProfessorsRepository.swift; sourceTree = "<group>"; };
/* End PBXFileReference section */

/* Begin PBXFrameworksBuildPhase section */
		853B44EC2AC4DB3100CF0B13 /* Frameworks */ = {
			isa = PBXFrameworksBuildPhase;
			buildActionMask = 2147483647;
			files = (
				852D37E62ACF2763001136B8 /* GoogleSignInSwift in Frameworks */,
				852D37DE2ACF2719001136B8 /* GoogleSignInSwift in Frameworks */,
				852D37E42ACF2763001136B8 /* GoogleSignIn in Frameworks */,
			);
			runOnlyForDeploymentPostprocessing = 0;
		};
/* End PBXFrameworksBuildPhase section */

/* Begin PBXGroup section */
		852D37B52ACDE236001136B8 /* Login */ = {
			isa = PBXGroup;
			children = (
				852D37B62ACDE243001136B8 /* LoginView.swift */,
				852D37B82ACDE4A9001136B8 /* LoginViewModel.swift */,
				852D37BA2ACDE504001136B8 /* LoginState.swift */,
			);
			path = Login;
			sourceTree = "<group>";
		};
		852D37C02ACDFD9A001136B8 /* Coordinators */ = {
			isa = PBXGroup;
			children = (
				852D37C12ACDFDAA001136B8 /* AppCoordinatorView.swift */,
				852D37C32ACDFDE0001136B8 /* AppCoordinator.swift */,
			);
			path = Coordinators;
			sourceTree = "<group>";
		};
		852D37C72ACE04F1001136B8 /* SignIn */ = {
			isa = PBXGroup;
			children = (
				852D37C82ACE0501001136B8 /* SignUpView.swift */,
				852D37CA2ACE05E2001136B8 /* SignUpViewModel.swift */,
				852D37CC2ACE08F3001136B8 /* SignUpState.swift */,
			);
			path = SignIn;
			sourceTree = "<group>";
		};
		853B44E62AC4DB3100CF0B13 = {
			isa = PBXGroup;
			children = (
				853B44F12AC4DB3100CF0B13 /* TimetableScheduler */,
				853B44F02AC4DB3100CF0B13 /* Products */,
			);
			sourceTree = "<group>";
		};
		853B44F02AC4DB3100CF0B13 /* Products */ = {
			isa = PBXGroup;
			children = (
				853B44EF2AC4DB3100CF0B13 /* TimetableScheduler.app */,
			);
			name = Products;
			sourceTree = "<group>";
		};
		853B44F12AC4DB3100CF0B13 /* TimetableScheduler */ = {
			isa = PBXGroup;
			children = (
				8569C2A62B13D84000C2F700 /* Proxy */,
				8569C2A32B13B15700C2F700 /* Factory */,
				852D37E72ACF2822001136B8 /* Info.plist */,
				852D37C72ACE04F1001136B8 /* SignIn */,
				852D37C02ACDFD9A001136B8 /* Coordinators */,
				852D37B52ACDE236001136B8 /* Login */,
				85A578642AC76723007E549A /* Utils */,
				85A578612AC70FEF007E549A /* Repository */,
				853B450F2AC4F00300CF0B13 /* Model */,
				853B450C2AC4EE3200CF0B13 /* Disciplines */,
				853B45052AC4E52700CF0B13 /* Schedules */,
				853B45042AC4E52200CF0B13 /* Professors */,
				853B45032AC4E51C00CF0B13 /* Timetable */,
				853B45002AC4E1C100CF0B13 /* TabBar */,
				853B44F22AC4DB3100CF0B13 /* TimetableSchedulerApp.swift */,
				853B44F62AC4DB3300CF0B13 /* Assets.xcassets */,
				853B44F82AC4DB3300CF0B13 /* Preview Content */,
			);
			path = TimetableScheduler;
			sourceTree = "<group>";
		};
		853B44F82AC4DB3300CF0B13 /* Preview Content */ = {
			isa = PBXGroup;
			children = (
				853B44F92AC4DB3300CF0B13 /* Preview Assets.xcassets */,
			);
			path = "Preview Content";
			sourceTree = "<group>";
		};
		853B45002AC4E1C100CF0B13 /* TabBar */ = {
			isa = PBXGroup;
			children = (
				853B45012AC4E1D300CF0B13 /* TabBarView.swift */,
			);
			path = TabBar;
			sourceTree = "<group>";
		};
		853B45032AC4E51C00CF0B13 /* Timetable */ = {
			isa = PBXGroup;
			children = (
				853B45062AC4E54800CF0B13 /* TimetableView.swift */,
				85A578512AC6F284007E549A /* TimetableDetailCell.swift */,
				85A578532AC6FA3D007E549A /* TimetableViewModel.swift */,
				85A578552AC6FC4F007E549A /* TimetableState.swift */,
			);
			path = Timetable;
			sourceTree = "<group>";
		};
		853B45042AC4E52200CF0B13 /* Professors */ = {
			isa = PBXGroup;
			children = (
				853B45082AC4E56200CF0B13 /* ProfessorsView.swift */,
				85A5786C2AC84BD7007E549A /* ProfessorsState.swift */,
				85A5786E2AC84D65007E549A /* ProfessorsViewModel.swift */,
				855BDC7C2AC85086002181C7 /* ProfessorDetailCell.swift */,
				855BDC922AC9FA60002181C7 /* ProfessorDetailSheet.swift */,
			);
			path = Professors;
			sourceTree = "<group>";
		};
		853B45052AC4E52700CF0B13 /* Schedules */ = {
			isa = PBXGroup;
			children = (
				853B450A2AC4E56B00CF0B13 /* SchedulesView.swift */,
				855BDC7E2AC85516002181C7 /* SchedulesViewModel.swift */,
				855BDC802AC8563A002181C7 /* SchedulesState.swift */,
				855BDC842AC8587A002181C7 /* ScheduleDetailCell.swift */,
				855BDC942ACA20CF002181C7 /* ScheduleDetailSheet.swift */,
			);
			path = Schedules;
			sourceTree = "<group>";
		};
		853B450C2AC4EE3200CF0B13 /* Disciplines */ = {
			isa = PBXGroup;
			children = (
				853B450D2AC4EE3E00CF0B13 /* DisciplinesView.swift */,
				855BDC862AC85D97002181C7 /* DisciplinesState.swift */,
				855BDC882AC85DBB002181C7 /* DisciplinesViewModel.swift */,
				855BDC8C2AC86398002181C7 /* DisciplineDetailCell.swift */,
				855BDC962ACA34C9002181C7 /* DisciplineDetailSheet.swift */,
			);
			path = Disciplines;
			sourceTree = "<group>";
		};
		853B450F2AC4F00300CF0B13 /* Model */ = {
			isa = PBXGroup;
			children = (
				853B45102AC4F01200CF0B13 /* Weekdays.swift */,
				85A578572AC6FCEB007E549A /* Timetable.swift */,
				85A578592AC70B46007E549A /* Discipline.swift */,
				85A5785B2AC70BDE007E549A /* Professor.swift */,
				85A5785F2AC70CB9007E549A /* Schedule.swift */,
				855BDC902AC86A5C002181C7 /* Tab.swift */,
				852D37BE2ACDF9AA001136B8 /* Admin.swift */,
				852D37C52ACDFFE1001136B8 /* Coordinator.swift */,
			);
			path = Model;
			sourceTree = "<group>";
		};
		8569C2A32B13B15700C2F700 /* Factory */ = {
			isa = PBXGroup;
			children = (
				8569C2A42B13B16100C2F700 /* RepositoryFactory.swift */,
			);
			path = Factory;
			sourceTree = "<group>";
		};
		8569C2A62B13D84000C2F700 /* Proxy */ = {
			isa = PBXGroup;
			children = (
				8569C2A72B13D85000C2F700 /* TimetableRepositoryProxy.swift */,
			);
			path = Proxy;
			sourceTree = "<group>";
		};
		85A578612AC70FEF007E549A /* Repository */ = {
			isa = PBXGroup;
			children = (
				85A578622AC71001007E549A /* TimetableRepository.swift */,
				85A578702AC84EC5007E549A /* ProfessorsRepository.swift */,
				855BDC822AC8567C002181C7 /* SchedulesRepository.swift */,
				855BDC8A2AC85E3B002181C7 /* DisciplinesRepository.swift */,
				852D37BC2ACDF949001136B8 /* AdminRepository.swift */,
				8569C2A12B13B03700C2F700 /* CommonRepository.swift */,
			);
			path = Repository;
			sourceTree = "<group>";
		};
		85A578642AC76723007E549A /* Utils */ = {
			isa = PBXGroup;
			children = (
				85A578652AC7672C007E549A /* Cell.swift */,
				85A578682AC849EE007E549A /* HeaderView.swift */,
				855BDC8E2AC8698D002181C7 /* CustomTabBar.swift */,
				8569C29D2B12365300C2F700 /* MultiSelectionView.swift */,
				8569C29F2B123A3500C2F700 /* MultiSelector.swift */,
			);
			path = Utils;
			sourceTree = "<group>";
		};
/* End PBXGroup section */

/* Begin PBXNativeTarget section */
		853B44EE2AC4DB3100CF0B13 /* TimetableScheduler */ = {
			isa = PBXNativeTarget;
			buildConfigurationList = 853B44FD2AC4DB3300CF0B13 /* Build configuration list for PBXNativeTarget "TimetableScheduler" */;
			buildPhases = (
				853B44EB2AC4DB3100CF0B13 /* Sources */,
				853B44EC2AC4DB3100CF0B13 /* Frameworks */,
				853B44ED2AC4DB3100CF0B13 /* Resources */,
			);
			buildRules = (
			);
			dependencies = (
			);
			name = TimetableScheduler;
			packageProductDependencies = (
				852D37DD2ACF2719001136B8 /* GoogleSignInSwift */,
				852D37E32ACF2763001136B8 /* GoogleSignIn */,
				852D37E52ACF2763001136B8 /* GoogleSignInSwift */,
			);
			productName = TimetableScheduler;
			productReference = 853B44EF2AC4DB3100CF0B13 /* TimetableScheduler.app */;
			productType = "com.apple.product-type.application";
		};
/* End PBXNativeTarget section */

/* Begin PBXProject section */
		853B44E72AC4DB3100CF0B13 /* Project object */ = {
			isa = PBXProject;
			attributes = {
				BuildIndependentTargetsInParallel = 1;
				LastSwiftUpdateCheck = 1430;
				LastUpgradeCheck = 1430;
				TargetAttributes = {
					853B44EE2AC4DB3100CF0B13 = {
						CreatedOnToolsVersion = 14.3;
					};
				};
			};
			buildConfigurationList = 853B44EA2AC4DB3100CF0B13 /* Build configuration list for PBXProject "TimetableScheduler" */;
			compatibilityVersion = "Xcode 14.0";
			developmentRegion = en;
			hasScannedForEncodings = 0;
			knownRegions = (
				en,
				Base,
			);
			mainGroup = 853B44E62AC4DB3100CF0B13;
			packageReferences = (
				852D37DC2ACF2719001136B8 /* XCRemoteSwiftPackageReference "GoogleSignIn-iOS" */,
			);
			productRefGroup = 853B44F02AC4DB3100CF0B13 /* Products */;
			projectDirPath = "";
			projectRoot = "";
			targets = (
				853B44EE2AC4DB3100CF0B13 /* TimetableScheduler */,
			);
		};
/* End PBXProject section */

/* Begin PBXResourcesBuildPhase section */
		853B44ED2AC4DB3100CF0B13 /* Resources */ = {
			isa = PBXResourcesBuildPhase;
			buildActionMask = 2147483647;
			files = (
				853B44FA2AC4DB3300CF0B13 /* Preview Assets.xcassets in Resources */,
				853B44F72AC4DB3300CF0B13 /* Assets.xcassets in Resources */,
			);
			runOnlyForDeploymentPostprocessing = 0;
		};
/* End PBXResourcesBuildPhase section */

/* Begin PBXSourcesBuildPhase section */
		853B44EB2AC4DB3100CF0B13 /* Sources */ = {
			isa = PBXSourcesBuildPhase;
			buildActionMask = 2147483647;
			files = (
				855BDC8D2AC86398002181C7 /* DisciplineDetailCell.swift in Sources */,
				855BDC812AC8563A002181C7 /* SchedulesState.swift in Sources */,
				852D37C62ACDFFE1001136B8 /* Coordinator.swift in Sources */,
				855BDC872AC85D97002181C7 /* DisciplinesState.swift in Sources */,
				853B45092AC4E56200CF0B13 /* ProfessorsView.swift in Sources */,
				85A578692AC849EE007E549A /* HeaderView.swift in Sources */,
				855BDC972ACA34C9002181C7 /* DisciplineDetailSheet.swift in Sources */,
				852D37C42ACDFDE0001136B8 /* AppCoordinator.swift in Sources */,
				85A578542AC6FA3D007E549A /* TimetableViewModel.swift in Sources */,
				855BDC7F2AC85516002181C7 /* SchedulesViewModel.swift in Sources */,
				8569C2A02B123A3500C2F700 /* MultiSelector.swift in Sources */,
				85A578602AC70CB9007E549A /* Schedule.swift in Sources */,
				852D37BD2ACDF949001136B8 /* AdminRepository.swift in Sources */,
				855BDC952ACA20CF002181C7 /* ScheduleDetailSheet.swift in Sources */,
				852D37CB2ACE05E2001136B8 /* SignUpViewModel.swift in Sources */,
				853B45072AC4E54800CF0B13 /* TimetableView.swift in Sources */,
				85A5786D2AC84BD7007E549A /* ProfessorsState.swift in Sources */,
				852D37CD2ACE08F3001136B8 /* SignUpState.swift in Sources */,
				85A578662AC7672C007E549A /* Cell.swift in Sources */,
				85A578562AC6FC4F007E549A /* TimetableState.swift in Sources */,
				853B450E2AC4EE3E00CF0B13 /* DisciplinesView.swift in Sources */,
				85A5786F2AC84D65007E549A /* ProfessorsViewModel.swift in Sources */,
				85A578712AC84EC5007E549A /* ProfessorsRepository.swift in Sources */,
				855BDC8F2AC8698D002181C7 /* CustomTabBar.swift in Sources */,
				853B45022AC4E1D300CF0B13 /* TabBarView.swift in Sources */,
				855BDC892AC85DBB002181C7 /* DisciplinesViewModel.swift in Sources */,
				85A578582AC6FCEB007E549A /* Timetable.swift in Sources */,
				8569C2A52B13B16100C2F700 /* RepositoryFactory.swift in Sources */,
				852D37BF2ACDF9AA001136B8 /* Admin.swift in Sources */,
				852D37C22ACDFDAA001136B8 /* AppCoordinatorView.swift in Sources */,
				855BDC832AC8567C002181C7 /* SchedulesRepository.swift in Sources */,
				853B44F32AC4DB3100CF0B13 /* TimetableSchedulerApp.swift in Sources */,
				855BDC8B2AC85E3B002181C7 /* DisciplinesRepository.swift in Sources */,
				85A5785C2AC70BDE007E549A /* Professor.swift in Sources */,
				855BDC932AC9FA60002181C7 /* ProfessorDetailSheet.swift in Sources */,
				85A578632AC71001007E549A /* TimetableRepository.swift in Sources */,
				8569C2A82B13D85000C2F700 /* TimetableRepositoryProxy.swift in Sources */,
				853B450B2AC4E56B00CF0B13 /* SchedulesView.swift in Sources */,
				852D37B92ACDE4A9001136B8 /* LoginViewModel.swift in Sources */,
				855BDC852AC8587A002181C7 /* ScheduleDetailCell.swift in Sources */,
				852D37B72ACDE243001136B8 /* LoginView.swift in Sources */,
				855BDC912AC86A5C002181C7 /* Tab.swift in Sources */,
				85A578522AC6F284007E549A /* TimetableDetailCell.swift in Sources */,
				853B45112AC4F01200CF0B13 /* Weekdays.swift in Sources */,
				8569C2A22B13B03700C2F700 /* CommonRepository.swift in Sources */,
				855BDC7D2AC85086002181C7 /* ProfessorDetailCell.swift in Sources */,
				85A5785A2AC70B46007E549A /* Discipline.swift in Sources */,
				852D37C92ACE0501001136B8 /* SignUpView.swift in Sources */,
				852D37BB2ACDE504001136B8 /* LoginState.swift in Sources */,
				8569C29E2B12365300C2F700 /* MultiSelectionView.swift in Sources */,
			);
			runOnlyForDeploymentPostprocessing = 0;
		};
/* End PBXSourcesBuildPhase section */

/* Begin XCBuildConfiguration section */
		853B44FB2AC4DB3300CF0B13 /* Debug */ = {
			isa = XCBuildConfiguration;
			buildSettings = {
				ALWAYS_SEARCH_USER_PATHS = NO;
				CLANG_ANALYZER_NONNULL = YES;
				CLANG_ANALYZER_NUMBER_OBJECT_CONVERSION = YES_AGGRESSIVE;
				CLANG_CXX_LANGUAGE_STANDARD = "gnu++20";
				CLANG_ENABLE_MODULES = YES;
				CLANG_ENABLE_OBJC_ARC = YES;
				CLANG_ENABLE_OBJC_WEAK = YES;
				CLANG_WARN_BLOCK_CAPTURE_AUTORELEASING = YES;
				CLANG_WARN_BOOL_CONVERSION = YES;
				CLANG_WARN_COMMA = YES;
				CLANG_WARN_CONSTANT_CONVERSION = YES;
				CLANG_WARN_DEPRECATED_OBJC_IMPLEMENTATIONS = YES;
				CLANG_WARN_DIRECT_OBJC_ISA_USAGE = YES_ERROR;
				CLANG_WARN_DOCUMENTATION_COMMENTS = YES;
				CLANG_WARN_EMPTY_BODY = YES;
				CLANG_WARN_ENUM_CONVERSION = YES;
				CLANG_WARN_INFINITE_RECURSION = YES;
				CLANG_WARN_INT_CONVERSION = YES;
				CLANG_WARN_NON_LITERAL_NULL_CONVERSION = YES;
				CLANG_WARN_OBJC_IMPLICIT_RETAIN_SELF = YES;
				CLANG_WARN_OBJC_LITERAL_CONVERSION = YES;
				CLANG_WARN_OBJC_ROOT_CLASS = YES_ERROR;
				CLANG_WARN_QUOTED_INCLUDE_IN_FRAMEWORK_HEADER = YES;
				CLANG_WARN_RANGE_LOOP_ANALYSIS = YES;
				CLANG_WARN_STRICT_PROTOTYPES = YES;
				CLANG_WARN_SUSPICIOUS_MOVE = YES;
				CLANG_WARN_UNGUARDED_AVAILABILITY = YES_AGGRESSIVE;
				CLANG_WARN_UNREACHABLE_CODE = YES;
				CLANG_WARN__DUPLICATE_METHOD_MATCH = YES;
				COPY_PHASE_STRIP = NO;
				DEBUG_INFORMATION_FORMAT = dwarf;
				ENABLE_STRICT_OBJC_MSGSEND = YES;
				ENABLE_TESTABILITY = YES;
				GCC_C_LANGUAGE_STANDARD = gnu11;
				GCC_DYNAMIC_NO_PIC = NO;
				GCC_NO_COMMON_BLOCKS = YES;
				GCC_OPTIMIZATION_LEVEL = 0;
				GCC_PREPROCESSOR_DEFINITIONS = (
					"DEBUG=1",
					"$(inherited)",
				);
				GCC_WARN_64_TO_32_BIT_CONVERSION = YES;
				GCC_WARN_ABOUT_RETURN_TYPE = YES_ERROR;
				GCC_WARN_UNDECLARED_SELECTOR = YES;
				GCC_WARN_UNINITIALIZED_AUTOS = YES_AGGRESSIVE;
				GCC_WARN_UNUSED_FUNCTION = YES;
				GCC_WARN_UNUSED_VARIABLE = YES;
				IPHONEOS_DEPLOYMENT_TARGET = 16.4;
				MTL_ENABLE_DEBUG_INFO = INCLUDE_SOURCE;
				MTL_FAST_MATH = YES;
				ONLY_ACTIVE_ARCH = YES;
				SDKROOT = iphoneos;
				SWIFT_ACTIVE_COMPILATION_CONDITIONS = DEBUG;
				SWIFT_OPTIMIZATION_LEVEL = "-Onone";
			};
			name = Debug;
		};
		853B44FC2AC4DB3300CF0B13 /* Release */ = {
			isa = XCBuildConfiguration;
			buildSettings = {
				ALWAYS_SEARCH_USER_PATHS = NO;
				CLANG_ANALYZER_NONNULL = YES;
				CLANG_ANALYZER_NUMBER_OBJECT_CONVERSION = YES_AGGRESSIVE;
				CLANG_CXX_LANGUAGE_STANDARD = "gnu++20";
				CLANG_ENABLE_MODULES = YES;
				CLANG_ENABLE_OBJC_ARC = YES;
				CLANG_ENABLE_OBJC_WEAK = YES;
				CLANG_WARN_BLOCK_CAPTURE_AUTORELEASING = YES;
				CLANG_WARN_BOOL_CONVERSION = YES;
				CLANG_WARN_COMMA = YES;
				CLANG_WARN_CONSTANT_CONVERSION = YES;
				CLANG_WARN_DEPRECATED_OBJC_IMPLEMENTATIONS = YES;
				CLANG_WARN_DIRECT_OBJC_ISA_USAGE = YES_ERROR;
				CLANG_WARN_DOCUMENTATION_COMMENTS = YES;
				CLANG_WARN_EMPTY_BODY = YES;
				CLANG_WARN_ENUM_CONVERSION = YES;
				CLANG_WARN_INFINITE_RECURSION = YES;
				CLANG_WARN_INT_CONVERSION = YES;
				CLANG_WARN_NON_LITERAL_NULL_CONVERSION = YES;
				CLANG_WARN_OBJC_IMPLICIT_RETAIN_SELF = YES;
				CLANG_WARN_OBJC_LITERAL_CONVERSION = YES;
				CLANG_WARN_OBJC_ROOT_CLASS = YES_ERROR;
				CLANG_WARN_QUOTED_INCLUDE_IN_FRAMEWORK_HEADER = YES;
				CLANG_WARN_RANGE_LOOP_ANALYSIS = YES;
				CLANG_WARN_STRICT_PROTOTYPES = YES;
				CLANG_WARN_SUSPICIOUS_MOVE = YES;
				CLANG_WARN_UNGUARDED_AVAILABILITY = YES_AGGRESSIVE;
				CLANG_WARN_UNREACHABLE_CODE = YES;
				CLANG_WARN__DUPLICATE_METHOD_MATCH = YES;
				COPY_PHASE_STRIP = NO;
				DEBUG_INFORMATION_FORMAT = "dwarf-with-dsym";
				ENABLE_NS_ASSERTIONS = NO;
				ENABLE_STRICT_OBJC_MSGSEND = YES;
				GCC_C_LANGUAGE_STANDARD = gnu11;
				GCC_NO_COMMON_BLOCKS = YES;
				GCC_WARN_64_TO_32_BIT_CONVERSION = YES;
				GCC_WARN_ABOUT_RETURN_TYPE = YES_ERROR;
				GCC_WARN_UNDECLARED_SELECTOR = YES;
				GCC_WARN_UNINITIALIZED_AUTOS = YES_AGGRESSIVE;
				GCC_WARN_UNUSED_FUNCTION = YES;
				GCC_WARN_UNUSED_VARIABLE = YES;
				IPHONEOS_DEPLOYMENT_TARGET = 16.4;
				MTL_ENABLE_DEBUG_INFO = NO;
				MTL_FAST_MATH = YES;
				SDKROOT = iphoneos;
				SWIFT_COMPILATION_MODE = wholemodule;
				SWIFT_OPTIMIZATION_LEVEL = "-O";
				VALIDATE_PRODUCT = YES;
			};
			name = Release;
		};
		853B44FE2AC4DB3300CF0B13 /* Debug */ = {
			isa = XCBuildConfiguration;
			buildSettings = {
				ASSETCATALOG_COMPILER_APPICON_NAME = AppIcon;
				ASSETCATALOG_COMPILER_GLOBAL_ACCENT_COLOR_NAME = AccentColor;
				CODE_SIGN_STYLE = Automatic;
				CURRENT_PROJECT_VERSION = 1;
				DEVELOPMENT_ASSET_PATHS = "\"TimetableScheduler/Preview Content\"";
				DEVELOPMENT_TEAM = BSANZ76H3Y;
				ENABLE_PREVIEWS = YES;
				GENERATE_INFOPLIST_FILE = YES;
				INFOPLIST_FILE = TimetableScheduler/Info.plist;
				INFOPLIST_KEY_UIApplicationSceneManifest_Generation = YES;
				INFOPLIST_KEY_UIApplicationSupportsIndirectInputEvents = YES;
				INFOPLIST_KEY_UILaunchScreen_Generation = YES;
				INFOPLIST_KEY_UISupportedInterfaceOrientations_iPad = "UIInterfaceOrientationPortrait UIInterfaceOrientationPortraitUpsideDown UIInterfaceOrientationLandscapeLeft UIInterfaceOrientationLandscapeRight";
				INFOPLIST_KEY_UISupportedInterfaceOrientations_iPhone = "UIInterfaceOrientationPortrait UIInterfaceOrientationLandscapeLeft UIInterfaceOrientationLandscapeRight";
				IPHONEOS_DEPLOYMENT_TARGET = 17.0;
				LD_RUNPATH_SEARCH_PATHS = (
					"$(inherited)",
					"@executable_path/Frameworks",
				);
				MARKETING_VERSION = 1.0;
				PRODUCT_BUNDLE_IDENTIFIER = br.edu.ifce.hiagochagas.TimetableScheduler;
				PRODUCT_NAME = "$(TARGET_NAME)";
				SWIFT_EMIT_LOC_STRINGS = YES;
				SWIFT_VERSION = 5.0;
				TARGETED_DEVICE_FAMILY = "1,2";
			};
			name = Debug;
		};
		853B44FF2AC4DB3300CF0B13 /* Release */ = {
			isa = XCBuildConfiguration;
			buildSettings = {
				ASSETCATALOG_COMPILER_APPICON_NAME = AppIcon;
				ASSETCATALOG_COMPILER_GLOBAL_ACCENT_COLOR_NAME = AccentColor;
				CODE_SIGN_STYLE = Automatic;
				CURRENT_PROJECT_VERSION = 1;
				DEVELOPMENT_ASSET_PATHS = "\"TimetableScheduler/Preview Content\"";
				DEVELOPMENT_TEAM = BSANZ76H3Y;
				ENABLE_PREVIEWS = YES;
				GENERATE_INFOPLIST_FILE = YES;
				INFOPLIST_FILE = TimetableScheduler/Info.plist;
				INFOPLIST_KEY_UIApplicationSceneManifest_Generation = YES;
				INFOPLIST_KEY_UIApplicationSupportsIndirectInputEvents = YES;
				INFOPLIST_KEY_UILaunchScreen_Generation = YES;
				INFOPLIST_KEY_UISupportedInterfaceOrientations_iPad = "UIInterfaceOrientationPortrait UIInterfaceOrientationPortraitUpsideDown UIInterfaceOrientationLandscapeLeft UIInterfaceOrientationLandscapeRight";
				INFOPLIST_KEY_UISupportedInterfaceOrientations_iPhone = "UIInterfaceOrientationPortrait UIInterfaceOrientationLandscapeLeft UIInterfaceOrientationLandscapeRight";
				IPHONEOS_DEPLOYMENT_TARGET = 17.0;
				LD_RUNPATH_SEARCH_PATHS = (
					"$(inherited)",
					"@executable_path/Frameworks",
				);
				MARKETING_VERSION = 1.0;
				PRODUCT_BUNDLE_IDENTIFIER = br.edu.ifce.hiagochagas.TimetableScheduler;
				PRODUCT_NAME = "$(TARGET_NAME)";
				SWIFT_EMIT_LOC_STRINGS = YES;
				SWIFT_VERSION = 5.0;
				TARGETED_DEVICE_FAMILY = "1,2";
			};
			name = Release;
		};
/* End XCBuildConfiguration section */

/* Begin XCConfigurationList section */
		853B44EA2AC4DB3100CF0B13 /* Build configuration list for PBXProject "TimetableScheduler" */ = {
			isa = XCConfigurationList;
			buildConfigurations = (
				853B44FB2AC4DB3300CF0B13 /* Debug */,
				853B44FC2AC4DB3300CF0B13 /* Release */,
			);
			defaultConfigurationIsVisible = 0;
			defaultConfigurationName = Release;
		};
		853B44FD2AC4DB3300CF0B13 /* Build configuration list for PBXNativeTarget "TimetableScheduler" */ = {
			isa = XCConfigurationList;
			buildConfigurations = (
				853B44FE2AC4DB3300CF0B13 /* Debug */,
				853B44FF2AC4DB3300CF0B13 /* Release */,
			);
			defaultConfigurationIsVisible = 0;
			defaultConfigurationName = Release;
		};
/* End XCConfigurationList section */

/* Begin XCRemoteSwiftPackageReference section */
		852D37DC2ACF2719001136B8 /* XCRemoteSwiftPackageReference "GoogleSignIn-iOS" */ = {
			isa = XCRemoteSwiftPackageReference;
			repositoryURL = "https://github.com/google/GoogleSignIn-iOS";
			requirement = {
				kind = upToNextMajorVersion;
				minimumVersion = 7.0.0;
			};
		};
/* End XCRemoteSwiftPackageReference section */

/* Begin XCSwiftPackageProductDependency section */
		852D37DD2ACF2719001136B8 /* GoogleSignInSwift */ = {
			isa = XCSwiftPackageProductDependency;
			package = 852D37DC2ACF2719001136B8 /* XCRemoteSwiftPackageReference "GoogleSignIn-iOS" */;
			productName = GoogleSignInSwift;
		};
		852D37E32ACF2763001136B8 /* GoogleSignIn */ = {
			isa = XCSwiftPackageProductDependency;
			package = 852D37DC2ACF2719001136B8 /* XCRemoteSwiftPackageReference "GoogleSignIn-iOS" */;
			productName = GoogleSignIn;
		};
		852D37E52ACF2763001136B8 /* GoogleSignInSwift */ = {
			isa = XCSwiftPackageProductDependency;
			package = 852D37DC2ACF2719001136B8 /* XCRemoteSwiftPackageReference "GoogleSignIn-iOS" */;
			productName = GoogleSignInSwift;
		};
/* End XCSwiftPackageProductDependency section */
	};
	rootObject = 853B44E72AC4DB3100CF0B13 /* Project object */;
}
